// !$*UTF8*$!
{
	archiveVersion = 1;
	classes = {
	};
	objectVersion = 46;
	objects = {

/* Begin PBXBuildFile section */
		C60BC5001C2AED4600FE44B2 /* Social.framework in Frameworks */ = {isa = PBXBuildFile; fileRef = C60BC4FF1C2AED4600FE44B2 /* Social.framework */; };
		C60BC5021C2AED4E00FE44B2 /* Accounts.framework in Frameworks */ = {isa = PBXBuildFile; fileRef = C60BC5011C2AED4E00FE44B2 /* Accounts.framework */; };
		C60F1FD51C2898B70022C6F3 /* TodaysCalendarViewController.xib in Resources */ = {isa = PBXBuildFile; fileRef = C60F1FD41C2898B70022C6F3 /* TodaysCalendarViewController.xib */; };
		C60F1FDA1C2899E10022C6F3 /* TodaysCalendarViewController.m in Sources */ = {isa = PBXBuildFile; fileRef = C60F1FD91C2899E10022C6F3 /* TodaysCalendarViewController.m */; };
		C60F1FE11C29C98E0022C6F3 /* EditFilmsViewController.m in Sources */ = {isa = PBXBuildFile; fileRef = C60F1FDD1C29C98E0022C6F3 /* EditFilmsViewController.m */; };
		C60F1FE21C29C98E0022C6F3 /* AddFilmsViewController.m in Sources */ = {isa = PBXBuildFile; fileRef = C60F1FDF1C29C98E0022C6F3 /* AddFilmsViewController.m */; };
		C60F1FE51C29CE1F0022C6F3 /* clipperboard.png in Resources */ = {isa = PBXBuildFile; fileRef = C60F1FE31C29CE1F0022C6F3 /* clipperboard.png */; };
		C60F1FE61C29CE1F0022C6F3 /* film.png in Resources */ = {isa = PBXBuildFile; fileRef = C60F1FE41C29CE1F0022C6F3 /* film.png */; };
		C60F1FE81C29CEAF0022C6F3 /* EditFilmsViewController.xib in Resources */ = {isa = PBXBuildFile; fileRef = C60F1FE71C29CEAF0022C6F3 /* EditFilmsViewController.xib */; };
		C60F1FEA1C29CEC00022C6F3 /* AddFilmsViewController.xib in Resources */ = {isa = PBXBuildFile; fileRef = C60F1FE91C29CEC00022C6F3 /* AddFilmsViewController.xib */; };
		C6B2817E1A99290E00D62BDD /* main.m in Sources */ = {isa = PBXBuildFile; fileRef = C6B2817D1A99290E00D62BDD /* main.m */; };
		C6B281811A99290E00D62BDD /* AppDelegate.m in Sources */ = {isa = PBXBuildFile; fileRef = C6B281801A99290E00D62BDD /* AppDelegate.m */; };
		C6B281891A99290F00D62BDD /* Images.xcassets in Resources */ = {isa = PBXBuildFile; fileRef = C6B281881A99290F00D62BDD /* Images.xcassets */; };
		C6B281981A99290F00D62BDD /* MyCIFFTests.m in Sources */ = {isa = PBXBuildFile; fileRef = C6B281971A99290F00D62BDD /* MyCIFFTests.m */; };
		C6B281A71A99293900D62BDD /* AllFilmsViewController.m in Sources */ = {isa = PBXBuildFile; fileRef = C6B281A11A99293900D62BDD /* AllFilmsViewController.m */; };
		C6B281A81A99293900D62BDD /* AllFilmsViewController.xib in Resources */ = {isa = PBXBuildFile; fileRef = C6B281A21A99293900D62BDD /* AllFilmsViewController.xib */; };
		C6B281A91A99293900D62BDD /* TodaysFilmsViewController.xib in Resources */ = {isa = PBXBuildFile; fileRef = C6B281A31A99293900D62BDD /* TodaysFilmsViewController.xib */; };
		C6B281AA1A99293900D62BDD /* TodaysFilmsViewController.m in Sources */ = {isa = PBXBuildFile; fileRef = C6B281A51A99293900D62BDD /* TodaysFilmsViewController.m */; };
		C6B281AD1A9929C500D62BDD /* Bolts.framework in Frameworks */ = {isa = PBXBuildFile; fileRef = C6B281AB1A9929C500D62BDD /* Bolts.framework */; };
		C6B281AE1A9929C500D62BDD /* Parse.framework in Frameworks */ = {isa = PBXBuildFile; fileRef = C6B281AC1A9929C500D62BDD /* Parse.framework */; };
		C6B281BB1A992A7A00D62BDD /* AudioToolbox.framework in Frameworks */ = {isa = PBXBuildFile; fileRef = C6B281B01A992A7A00D62BDD /* AudioToolbox.framework */; };
		C6B281BC1A992A7A00D62BDD /* CFNetwork.framework in Frameworks */ = {isa = PBXBuildFile; fileRef = C6B281B11A992A7A00D62BDD /* CFNetwork.framework */; };
		C6B281BD1A992A7A00D62BDD /* CoreGraphics.framework in Frameworks */ = {isa = PBXBuildFile; fileRef = C6B281B21A992A7A00D62BDD /* CoreGraphics.framework */; };
		C6B281BE1A992A7A00D62BDD /* CoreLocation.framework in Frameworks */ = {isa = PBXBuildFile; fileRef = C6B281B31A992A7A00D62BDD /* CoreLocation.framework */; };
		C6B281BF1A992A7A00D62BDD /* libsqlite3.dylib in Frameworks */ = {isa = PBXBuildFile; fileRef = C6B281B41A992A7A00D62BDD /* libsqlite3.dylib */; };
		C6B281C01A992A7A00D62BDD /* libz.dylib in Frameworks */ = {isa = PBXBuildFile; fileRef = C6B281B51A992A7A00D62BDD /* libz.dylib */; };
		C6B281C11A992A7A00D62BDD /* MobileCoreServices.framework in Frameworks */ = {isa = PBXBuildFile; fileRef = C6B281B61A992A7A00D62BDD /* MobileCoreServices.framework */; };
		C6B281C21A992A7A00D62BDD /* QuartzCore.framework in Frameworks */ = {isa = PBXBuildFile; fileRef = C6B281B71A992A7A00D62BDD /* QuartzCore.framework */; };
		C6B281C31A992A7A00D62BDD /* Security.framework in Frameworks */ = {isa = PBXBuildFile; fileRef = C6B281B81A992A7A00D62BDD /* Security.framework */; };
		C6B281C51A992A7A00D62BDD /* SystemConfiguration.framework in Frameworks */ = {isa = PBXBuildFile; fileRef = C6B281BA1A992A7A00D62BDD /* SystemConfiguration.framework */; };
		E0681B57AB9EAB226ABC1F88 /* libPods.a in Frameworks */ = {isa = PBXBuildFile; fileRef = 27C3CC81A8F9A549847D5C0C /* libPods.a */; };
/* End PBXBuildFile section */

/* Begin PBXContainerItemProxy section */
		C6B281921A99290F00D62BDD /* PBXContainerItemProxy */ = {
			isa = PBXContainerItemProxy;
			containerPortal = C6B281701A99290E00D62BDD /* Project object */;
			proxyType = 1;
			remoteGlobalIDString = C6B281771A99290E00D62BDD;
			remoteInfo = MyCIFF;
		};
/* End PBXContainerItemProxy section */

/* Begin PBXFileReference section */
		27C3CC81A8F9A549847D5C0C /* libPods.a */ = {isa = PBXFileReference; explicitFileType = archive.ar; includeInIndex = 0; path = libPods.a; sourceTree = BUILT_PRODUCTS_DIR; };
		306204A85F3EE737F26E89CF /* Pods.debug.xcconfig */ = {isa = PBXFileReference; includeInIndex = 1; lastKnownFileType = text.xcconfig; name = Pods.debug.xcconfig; path = "Pods/Target Support Files/Pods/Pods.debug.xcconfig"; sourceTree = "<group>"; };
		3A842426E36D10337FD99A03 /* Pods.release.xcconfig */ = {isa = PBXFileReference; includeInIndex = 1; lastKnownFileType = text.xcconfig; name = Pods.release.xcconfig; path = "Pods/Target Support Files/Pods/Pods.release.xcconfig"; sourceTree = "<group>"; };
		C60BC4FF1C2AED4600FE44B2 /* Social.framework */ = {isa = PBXFileReference; lastKnownFileType = wrapper.framework; name = Social.framework; path = System/Library/Frameworks/Social.framework; sourceTree = SDKROOT; };
		C60BC5011C2AED4E00FE44B2 /* Accounts.framework */ = {isa = PBXFileReference; lastKnownFileType = wrapper.framework; name = Accounts.framework; path = System/Library/Frameworks/Accounts.framework; sourceTree = SDKROOT; };
		C60F1FD41C2898B70022C6F3 /* TodaysCalendarViewController.xib */ = {isa = PBXFileReference; fileEncoding = 4; lastKnownFileType = file.xib; name = TodaysCalendarViewController.xib; path = ../TodaysCalendarViewController.xib; sourceTree = "<group>"; };
		C60F1FD71C28996E0022C6F3 /* TodaysCalendarViewController.h */ = {isa = PBXFileReference; fileEncoding = 4; lastKnownFileType = sourcecode.c.h; name = TodaysCalendarViewController.h; path = ../TodaysCalendarViewController.h; sourceTree = "<group>"; };
		C60F1FD91C2899E10022C6F3 /* TodaysCalendarViewController.m */ = {isa = PBXFileReference; fileEncoding = 4; lastKnownFileType = sourcecode.c.objc; name = TodaysCalendarViewController.m; path = ../TodaysCalendarViewController.m; sourceTree = "<group>"; };
		C60F1FDD1C29C98E0022C6F3 /* EditFilmsViewController.m */ = {isa = PBXFileReference; fileEncoding = 4; lastKnownFileType = sourcecode.c.objc; path = EditFilmsViewController.m; sourceTree = "<group>"; };
		C60F1FDE1C29C98E0022C6F3 /* EditFilmsViewController.h */ = {isa = PBXFileReference; fileEncoding = 4; lastKnownFileType = sourcecode.c.h; path = EditFilmsViewController.h; sourceTree = "<group>"; };
		C60F1FDF1C29C98E0022C6F3 /* AddFilmsViewController.m */ = {isa = PBXFileReference; fileEncoding = 4; lastKnownFileType = sourcecode.c.objc; path = AddFilmsViewController.m; sourceTree = "<group>"; };
		C60F1FE01C29C98E0022C6F3 /* AddFilmsViewController.h */ = {isa = PBXFileReference; fileEncoding = 4; lastKnownFileType = sourcecode.c.h; path = AddFilmsViewController.h; sourceTree = "<group>"; };
		C60F1FE31C29CE1F0022C6F3 /* clipperboard.png */ = {isa = PBXFileReference; lastKnownFileType = image.png; path = clipperboard.png; sourceTree = "<group>"; };
		C60F1FE41C29CE1F0022C6F3 /* film.png */ = {isa = PBXFileReference; lastKnownFileType = image.png; path = film.png; sourceTree = "<group>"; };
		C60F1FE71C29CEAF0022C6F3 /* EditFilmsViewController.xib */ = {isa = PBXFileReference; fileEncoding = 4; lastKnownFileType = file.xib; path = EditFilmsViewController.xib; sourceTree = "<group>"; };
		C60F1FE91C29CEC00022C6F3 /* AddFilmsViewController.xib */ = {isa = PBXFileReference; fileEncoding = 4; lastKnownFileType = file.xib; path = AddFilmsViewController.xib; sourceTree = "<group>"; };
		C6B281781A99290E00D62BDD /* MyCIFF.app */ = {isa = PBXFileReference; explicitFileType = wrapper.application; includeInIndex = 0; path = MyCIFF.app; sourceTree = BUILT_PRODUCTS_DIR; };
		C6B2817C1A99290E00D62BDD /* Info.plist */ = {isa = PBXFileReference; lastKnownFileType = text.plist.xml; path = Info.plist; sourceTree = "<group>"; };
		C6B2817D1A99290E00D62BDD /* main.m */ = {isa = PBXFileReference; lastKnownFileType = sourcecode.c.objc; path = main.m; sourceTree = "<group>"; };
		C6B2817F1A99290E00D62BDD /* AppDelegate.h */ = {isa = PBXFileReference; lastKnownFileType = sourcecode.c.h; path = AppDelegate.h; sourceTree = "<group>"; };
		C6B281801A99290E00D62BDD /* AppDelegate.m */ = {isa = PBXFileReference; lastKnownFileType = sourcecode.c.objc; path = AppDelegate.m; sourceTree = "<group>"; };
		C6B281881A99290F00D62BDD /* Images.xcassets */ = {isa = PBXFileReference; lastKnownFileType = folder.assetcatalog; path = Images.xcassets; sourceTree = "<group>"; };
		C6B281911A99290F00D62BDD /* MyCIFFTests.xctest */ = {isa = PBXFileReference; explicitFileType = wrapper.cfbundle; includeInIndex = 0; path = MyCIFFTests.xctest; sourceTree = BUILT_PRODUCTS_DIR; };
		C6B281961A99290F00D62BDD /* Info.plist */ = {isa = PBXFileReference; lastKnownFileType = text.plist.xml; path = Info.plist; sourceTree = "<group>"; };
		C6B281971A99290F00D62BDD /* MyCIFFTests.m */ = {isa = PBXFileReference; lastKnownFileType = sourcecode.c.objc; path = MyCIFFTests.m; sourceTree = "<group>"; };
		C6B281A11A99293900D62BDD /* AllFilmsViewController.m */ = {isa = PBXFileReference; fileEncoding = 4; lastKnownFileType = sourcecode.c.objc; name = AllFilmsViewController.m; path = ../AllFilmsViewController.m; sourceTree = "<group>"; };
		C6B281A21A99293900D62BDD /* AllFilmsViewController.xib */ = {isa = PBXFileReference; fileEncoding = 4; lastKnownFileType = file.xib; name = AllFilmsViewController.xib; path = ../AllFilmsViewController.xib; sourceTree = "<group>"; };
		C6B281A31A99293900D62BDD /* TodaysFilmsViewController.xib */ = {isa = PBXFileReference; fileEncoding = 4; lastKnownFileType = file.xib; name = TodaysFilmsViewController.xib; path = ../TodaysFilmsViewController.xib; sourceTree = "<group>"; };
		C6B281A41A99293900D62BDD /* TodaysFilmsViewController.h */ = {isa = PBXFileReference; fileEncoding = 4; lastKnownFileType = sourcecode.c.h; name = TodaysFilmsViewController.h; path = ../TodaysFilmsViewController.h; sourceTree = "<group>"; };
		C6B281A51A99293900D62BDD /* TodaysFilmsViewController.m */ = {isa = PBXFileReference; fileEncoding = 4; lastKnownFileType = sourcecode.c.objc; name = TodaysFilmsViewController.m; path = ../TodaysFilmsViewController.m; sourceTree = "<group>"; };
		C6B281A61A99293900D62BDD /* AllFilmsViewController.h */ = {isa = PBXFileReference; fileEncoding = 4; lastKnownFileType = sourcecode.c.h; name = AllFilmsViewController.h; path = ../AllFilmsViewController.h; sourceTree = "<group>"; };
		C6B281AB1A9929C500D62BDD /* Bolts.framework */ = {isa = PBXFileReference; lastKnownFileType = wrapper.framework; path = Bolts.framework; sourceTree = "<group>"; };
		C6B281AC1A9929C500D62BDD /* Parse.framework */ = {isa = PBXFileReference; lastKnownFileType = wrapper.framework; path = Parse.framework; sourceTree = "<group>"; };
		C6B281B01A992A7A00D62BDD /* AudioToolbox.framework */ = {isa = PBXFileReference; lastKnownFileType = wrapper.framework; name = AudioToolbox.framework; path = System/Library/Frameworks/AudioToolbox.framework; sourceTree = SDKROOT; };
		C6B281B11A992A7A00D62BDD /* CFNetwork.framework */ = {isa = PBXFileReference; lastKnownFileType = wrapper.framework; name = CFNetwork.framework; path = System/Library/Frameworks/CFNetwork.framework; sourceTree = SDKROOT; };
		C6B281B21A992A7A00D62BDD /* CoreGraphics.framework */ = {isa = PBXFileReference; lastKnownFileType = wrapper.framework; name = CoreGraphics.framework; path = System/Library/Frameworks/CoreGraphics.framework; sourceTree = SDKROOT; };
		C6B281B31A992A7A00D62BDD /* CoreLocation.framework */ = {isa = PBXFileReference; lastKnownFileType = wrapper.framework; name = CoreLocation.framework; path = System/Library/Frameworks/CoreLocation.framework; sourceTree = SDKROOT; };
		C6B281B41A992A7A00D62BDD /* libsqlite3.dylib */ = {isa = PBXFileReference; lastKnownFileType = "compiled.mach-o.dylib"; name = libsqlite3.dylib; path = usr/lib/libsqlite3.dylib; sourceTree = SDKROOT; };
		C6B281B51A992A7A00D62BDD /* libz.dylib */ = {isa = PBXFileReference; lastKnownFileType = "compiled.mach-o.dylib"; name = libz.dylib; path = usr/lib/libz.dylib; sourceTree = SDKROOT; };
		C6B281B61A992A7A00D62BDD /* MobileCoreServices.framework */ = {isa = PBXFileReference; lastKnownFileType = wrapper.framework; name = MobileCoreServices.framework; path = System/Library/Frameworks/MobileCoreServices.framework; sourceTree = SDKROOT; };
		C6B281B71A992A7A00D62BDD /* QuartzCore.framework */ = {isa = PBXFileReference; lastKnownFileType = wrapper.framework; name = QuartzCore.framework; path = System/Library/Frameworks/QuartzCore.framework; sourceTree = SDKROOT; };
		C6B281B81A992A7A00D62BDD /* Security.framework */ = {isa = PBXFileReference; lastKnownFileType = wrapper.framework; name = Security.framework; path = System/Library/Frameworks/Security.framework; sourceTree = SDKROOT; };
		C6B281BA1A992A7A00D62BDD /* SystemConfiguration.framework */ = {isa = PBXFileReference; lastKnownFileType = wrapper.framework; name = SystemConfiguration.framework; path = System/Library/Frameworks/SystemConfiguration.framework; sourceTree = SDKROOT; };
/* End PBXFileReference section */

/* Begin PBXFrameworksBuildPhase section */
		C6B281751A99290E00D62BDD /* Frameworks */ = {
			isa = PBXFrameworksBuildPhase;
			buildActionMask = 2147483647;
			files = (
				C60BC5021C2AED4E00FE44B2 /* Accounts.framework in Frameworks */,
				C60BC5001C2AED4600FE44B2 /* Social.framework in Frameworks */,
				C6B281BB1A992A7A00D62BDD /* AudioToolbox.framework in Frameworks */,
				C6B281BC1A992A7A00D62BDD /* CFNetwork.framework in Frameworks */,
				C6B281BD1A992A7A00D62BDD /* CoreGraphics.framework in Frameworks */,
				C6B281BE1A992A7A00D62BDD /* CoreLocation.framework in Frameworks */,
				C6B281BF1A992A7A00D62BDD /* libsqlite3.dylib in Frameworks */,
				C6B281C01A992A7A00D62BDD /* libz.dylib in Frameworks */,
				C6B281C11A992A7A00D62BDD /* MobileCoreServices.framework in Frameworks */,
				C6B281C21A992A7A00D62BDD /* QuartzCore.framework in Frameworks */,
				C6B281C31A992A7A00D62BDD /* Security.framework in Frameworks */,
				C6B281C51A992A7A00D62BDD /* SystemConfiguration.framework in Frameworks */,
				C6B281AE1A9929C500D62BDD /* Parse.framework in Frameworks */,
				C6B281AD1A9929C500D62BDD /* Bolts.framework in Frameworks */,
				E0681B57AB9EAB226ABC1F88 /* libPods.a in Frameworks */,
			);
			runOnlyForDeploymentPostprocessing = 0;
		};
		C6B2818E1A99290F00D62BDD /* Frameworks */ = {
			isa = PBXFrameworksBuildPhase;
			buildActionMask = 2147483647;
			files = (
			);
			runOnlyForDeploymentPostprocessing = 0;
		};
/* End PBXFrameworksBuildPhase section */

/* Begin PBXGroup section */
		C6A07C731C318D740029B572 /* Images */ = {
			isa = PBXGroup;
			children = (
				C60F1FE31C29CE1F0022C6F3 /* clipperboard.png */,
				C60F1FE41C29CE1F0022C6F3 /* film.png */,
			);
			name = Images;
			sourceTree = "<group>";
		};
		C6B2816F1A99290E00D62BDD = {
			isa = PBXGroup;
			children = (
				C6B281AF1A9929FB00D62BDD /* Frameworks */,
				C6B2817A1A99290E00D62BDD /* MyCIFF */,
				C6B281941A99290F00D62BDD /* MyCIFFTests */,
				C6B281791A99290E00D62BDD /* Products */,
				DC1A80FA84AEB11A801F6D5B /* Pods */,
			);
			sourceTree = "<group>";
		};
		C6B281791A99290E00D62BDD /* Products */ = {
			isa = PBXGroup;
			children = (
				C6B281781A99290E00D62BDD /* MyCIFF.app */,
				C6B281911A99290F00D62BDD /* MyCIFFTests.xctest */,
			);
			name = Products;
			sourceTree = "<group>";
		};
		C6B2817A1A99290E00D62BDD /* MyCIFF */ = {
			isa = PBXGroup;
			children = (
				C60F1FDD1C29C98E0022C6F3 /* EditFilmsViewController.m */,
				C60F1FE71C29CEAF0022C6F3 /* EditFilmsViewController.xib */,
				C60F1FE91C29CEC00022C6F3 /* AddFilmsViewController.xib */,
				C60F1FDE1C29C98E0022C6F3 /* EditFilmsViewController.h */,
				C60F1FDF1C29C98E0022C6F3 /* AddFilmsViewController.m */,
				C60F1FE01C29C98E0022C6F3 /* AddFilmsViewController.h */,
				C6B281A11A99293900D62BDD /* AllFilmsViewController.m */,
				C6B281A21A99293900D62BDD /* AllFilmsViewController.xib */,
				C6B281A31A99293900D62BDD /* TodaysFilmsViewController.xib */,
				C6B281A41A99293900D62BDD /* TodaysFilmsViewController.h */,
				C6B281A51A99293900D62BDD /* TodaysFilmsViewController.m */,
				C6B281A61A99293900D62BDD /* AllFilmsViewController.h */,
				C60F1FD91C2899E10022C6F3 /* TodaysCalendarViewController.m */,
				C60F1FD41C2898B70022C6F3 /* TodaysCalendarViewController.xib */,
				C60F1FD71C28996E0022C6F3 /* TodaysCalendarViewController.h */,
				C6B2817F1A99290E00D62BDD /* AppDelegate.h */,
				C6B281801A99290E00D62BDD /* AppDelegate.m */,
				C6B281881A99290F00D62BDD /* Images.xcassets */,
				C6A07C731C318D740029B572 /* Images */,
				C6B2817B1A99290E00D62BDD /* Supporting Files */,
			);
			path = MyCIFF;
			sourceTree = "<group>";
		};
		C6B2817B1A99290E00D62BDD /* Supporting Files */ = {
			isa = PBXGroup;
			children = (
				C6B2817C1A99290E00D62BDD /* Info.plist */,
				C6B2817D1A99290E00D62BDD /* main.m */,
			);
			name = "Supporting Files";
			sourceTree = "<group>";
		};
		C6B281941A99290F00D62BDD /* MyCIFFTests */ = {
			isa = PBXGroup;
			children = (
				C6B281971A99290F00D62BDD /* MyCIFFTests.m */,
				C6B281951A99290F00D62BDD /* Supporting Files */,
			);
			path = MyCIFFTests;
			sourceTree = "<group>";
		};
		C6B281951A99290F00D62BDD /* Supporting Files */ = {
			isa = PBXGroup;
			children = (
				C6B281961A99290F00D62BDD /* Info.plist */,
			);
			name = "Supporting Files";
			sourceTree = "<group>";
		};
		C6B281AF1A9929FB00D62BDD /* Frameworks */ = {
			isa = PBXGroup;
			children = (
				C60BC5011C2AED4E00FE44B2 /* Accounts.framework */,
				C60BC4FF1C2AED4600FE44B2 /* Social.framework */,
				C6B281B01A992A7A00D62BDD /* AudioToolbox.framework */,
				C6B281B11A992A7A00D62BDD /* CFNetwork.framework */,
				C6B281B21A992A7A00D62BDD /* CoreGraphics.framework */,
				C6B281B31A992A7A00D62BDD /* CoreLocation.framework */,
				C6B281B41A992A7A00D62BDD /* libsqlite3.dylib */,
				C6B281B51A992A7A00D62BDD /* libz.dylib */,
				C6B281B61A992A7A00D62BDD /* MobileCoreServices.framework */,
				C6B281B71A992A7A00D62BDD /* QuartzCore.framework */,
				C6B281B81A992A7A00D62BDD /* Security.framework */,
				C6B281BA1A992A7A00D62BDD /* SystemConfiguration.framework */,
				C6B281AB1A9929C500D62BDD /* Bolts.framework */,
				C6B281AC1A9929C500D62BDD /* Parse.framework */,
				27C3CC81A8F9A549847D5C0C /* libPods.a */,
			);
			name = Frameworks;
			sourceTree = "<group>";
		};
		DC1A80FA84AEB11A801F6D5B /* Pods */ = {
			isa = PBXGroup;
			children = (
				306204A85F3EE737F26E89CF /* Pods.debug.xcconfig */,
				3A842426E36D10337FD99A03 /* Pods.release.xcconfig */,
			);
			name = Pods;
			sourceTree = "<group>";
		};
/* End PBXGroup section */

/* Begin PBXNativeTarget section */
		C6B281771A99290E00D62BDD /* MyCIFF */ = {
			isa = PBXNativeTarget;
			buildConfigurationList = C6B2819B1A99290F00D62BDD /* Build configuration list for PBXNativeTarget "MyCIFF" */;
			buildPhases = (
				5A0F6AEBCC27512B0B05FE86 /* Check Pods Manifest.lock */,
				C6B281741A99290E00D62BDD /* Sources */,
				C6B281751A99290E00D62BDD /* Frameworks */,
				C6B281761A99290E00D62BDD /* Resources */,
				05FF983E14C511870C1DCABA /* Embed Pods Frameworks */,
				691E034961AF95D982934327 /* Copy Pods Resources */,
			);
			buildRules = (
			);
			dependencies = (
			);
			name = MyCIFF;
			productName = MyCIFF;
			productReference = C6B281781A99290E00D62BDD /* MyCIFF.app */;
			productType = "com.apple.product-type.application";
		};
		C6B281901A99290F00D62BDD /* MyCIFFTests */ = {
			isa = PBXNativeTarget;
			buildConfigurationList = C6B2819E1A99290F00D62BDD /* Build configuration list for PBXNativeTarget "MyCIFFTests" */;
			buildPhases = (
				C6B2818D1A99290F00D62BDD /* Sources */,
				C6B2818E1A99290F00D62BDD /* Frameworks */,
				C6B2818F1A99290F00D62BDD /* Resources */,
			);
			buildRules = (
			);
			dependencies = (
				C6B281931A99290F00D62BDD /* PBXTargetDependency */,
			);
			name = MyCIFFTests;
			productName = MyCIFFTests;
			productReference = C6B281911A99290F00D62BDD /* MyCIFFTests.xctest */;
			productType = "com.apple.product-type.bundle.unit-test";
		};
/* End PBXNativeTarget section */

/* Begin PBXProject section */
		C6B281701A99290E00D62BDD /* Project object */ = {
			isa = PBXProject;
			attributes = {
				LastUpgradeCheck = 0720;
				ORGANIZATIONNAME = "Erin McGee";
				TargetAttributes = {
					C6B281771A99290E00D62BDD = {
						CreatedOnToolsVersion = 6.1.1;
						DevelopmentTeam = 7BKJYS6U5G;
						SystemCapabilities = {
							com.apple.InAppPurchase = {
								enabled = 0;
							};
						};
					};
					C6B281901A99290F00D62BDD = {
						CreatedOnToolsVersion = 6.1.1;
						TestTargetID = C6B281771A99290E00D62BDD;
					};
				};
			};
			buildConfigurationList = C6B281731A99290E00D62BDD /* Build configuration list for PBXProject "MyCIFF" */;
			compatibilityVersion = "Xcode 3.2";
			developmentRegion = English;
			hasScannedForEncodings = 0;
			knownRegions = (
				en,
				Base,
			);
			mainGroup = C6B2816F1A99290E00D62BDD;
			productRefGroup = C6B281791A99290E00D62BDD /* Products */;
			projectDirPath = "";
			projectRoot = "";
			targets = (
				C6B281771A99290E00D62BDD /* MyCIFF */,
				C6B281901A99290F00D62BDD /* MyCIFFTests */,
			);
		};
/* End PBXProject section */

/* Begin PBXResourcesBuildPhase section */
		C6B281761A99290E00D62BDD /* Resources */ = {
			isa = PBXResourcesBuildPhase;
			buildActionMask = 2147483647;
			files = (
				C60F1FE61C29CE1F0022C6F3 /* film.png in Resources */,
				C60F1FE51C29CE1F0022C6F3 /* clipperboard.png in Resources */,
				C6B281A81A99293900D62BDD /* AllFilmsViewController.xib in Resources */,
				C6B281A91A99293900D62BDD /* TodaysFilmsViewController.xib in Resources */,
				C60F1FD51C2898B70022C6F3 /* TodaysCalendarViewController.xib in Resources */,
				C60F1FE81C29CEAF0022C6F3 /* EditFilmsViewController.xib in Resources */,
				C60F1FEA1C29CEC00022C6F3 /* AddFilmsViewController.xib in Resources */,
				C6B281891A99290F00D62BDD /* Images.xcassets in Resources */,
			);
			runOnlyForDeploymentPostprocessing = 0;
		};
		C6B2818F1A99290F00D62BDD /* Resources */ = {
			isa = PBXResourcesBuildPhase;
			buildActionMask = 2147483647;
			files = (
			);
			runOnlyForDeploymentPostprocessing = 0;
		};
/* End PBXResourcesBuildPhase section */

/* Begin PBXShellScriptBuildPhase section */
		05FF983E14C511870C1DCABA /* Embed Pods Frameworks */ = {
			isa = PBXShellScriptBuildPhase;
			buildActionMask = 2147483647;
			files = (
			);
			inputPaths = (
			);
			name = "Embed Pods Frameworks";
			outputPaths = (
			);
			runOnlyForDeploymentPostprocessing = 0;
			shellPath = /bin/sh;
			shellScript = "\"${SRCROOT}/Pods/Target Support Files/Pods/Pods-frameworks.sh\"\n";
			showEnvVarsInLog = 0;
		};
		5A0F6AEBCC27512B0B05FE86 /* Check Pods Manifest.lock */ = {
			isa = PBXShellScriptBuildPhase;
			buildActionMask = 2147483647;
			files = (
			);
			inputPaths = (
			);
			name = "Check Pods Manifest.lock";
			outputPaths = (
			);
			runOnlyForDeploymentPostprocessing = 0;
			shellPath = /bin/sh;
			shellScript = "diff \"${PODS_ROOT}/../Podfile.lock\" \"${PODS_ROOT}/Manifest.lock\" > /dev/null\nif [[ $? != 0 ]] ; then\n    cat << EOM\nerror: The sandbox is not in sync with the Podfile.lock. Run 'pod install' or update your CocoaPods installation.\nEOM\n    exit 1\nfi\n";
			showEnvVarsInLog = 0;
		};
		691E034961AF95D982934327 /* Copy Pods Resources */ = {
			isa = PBXShellScriptBuildPhase;
			buildActionMask = 2147483647;
			files = (
			);
			inputPaths = (
			);
			name = "Copy Pods Resources";
			outputPaths = (
			);
			runOnlyForDeploymentPostprocessing = 0;
			shellPath = /bin/sh;
			shellScript = "\"${SRCROOT}/Pods/Target Support Files/Pods/Pods-resources.sh\"\n";
			showEnvVarsInLog = 0;
		};
/* End PBXShellScriptBuildPhase section */

/* Begin PBXSourcesBuildPhase section */
		C6B281741A99290E00D62BDD /* Sources */ = {
			isa = PBXSourcesBuildPhase;
			buildActionMask = 2147483647;
			files = (
				C6B281AA1A99293900D62BDD /* TodaysFilmsViewController.m in Sources */,
				C6B281A71A99293900D62BDD /* AllFilmsViewController.m in Sources */,
				C6B281811A99290E00D62BDD /* AppDelegate.m in Sources */,
				C60F1FE11C29C98E0022C6F3 /* EditFilmsViewController.m in Sources */,
				C60F1FDA1C2899E10022C6F3 /* TodaysCalendarViewController.m in Sources */,
				C60F1FE21C29C98E0022C6F3 /* AddFilmsViewController.m in Sources */,
				C6B2817E1A99290E00D62BDD /* main.m in Sources */,
			);
			runOnlyForDeploymentPostprocessing = 0;
		};
		C6B2818D1A99290F00D62BDD /* Sources */ = {
			isa = PBXSourcesBuildPhase;
			buildActionMask = 2147483647;
			files = (
				C6B281981A99290F00D62BDD /* MyCIFFTests.m in Sources */,
			);
			runOnlyForDeploymentPostprocessing = 0;
		};
/* End PBXSourcesBuildPhase section */

/* Begin PBXTargetDependency section */
		C6B281931A99290F00D62BDD /* PBXTargetDependency */ = {
			isa = PBXTargetDependency;
			target = C6B281771A99290E00D62BDD /* MyCIFF */;
			targetProxy = C6B281921A99290F00D62BDD /* PBXContainerItemProxy */;
		};
/* End PBXTargetDependency section */

/* Begin XCBuildConfiguration section */
		C6B281991A99290F00D62BDD /* Debug */ = {
			isa = XCBuildConfiguration;
			buildSettings = {
				ALWAYS_SEARCH_USER_PATHS = NO;
				CLANG_CXX_LANGUAGE_STANDARD = "gnu++0x";
				CLANG_CXX_LIBRARY = "libc++";
				CLANG_ENABLE_MODULES = YES;
				CLANG_ENABLE_OBJC_ARC = YES;
				CLANG_WARN_BOOL_CONVERSION = YES;
				CLANG_WARN_CONSTANT_CONVERSION = YES;
				CLANG_WARN_DIRECT_OBJC_ISA_USAGE = YES_ERROR;
				CLANG_WARN_EMPTY_BODY = YES;
				CLANG_WARN_ENUM_CONVERSION = YES;
				CLANG_WARN_INT_CONVERSION = YES;
				CLANG_WARN_OBJC_ROOT_CLASS = YES_ERROR;
				CLANG_WARN_UNREACHABLE_CODE = YES;
				CLANG_WARN__DUPLICATE_METHOD_MATCH = YES;
				"CODE_SIGN_IDENTITY[sdk=iphoneos*]" = "iPhone Developer";
				COPY_PHASE_STRIP = NO;
				ENABLE_STRICT_OBJC_MSGSEND = YES;
				ENABLE_TESTABILITY = YES;
				GCC_C_LANGUAGE_STANDARD = gnu99;
				GCC_DYNAMIC_NO_PIC = NO;
				GCC_OPTIMIZATION_LEVEL = 0;
				GCC_PREPROCESSOR_DEFINITIONS = (
					"DEBUG=1",
					"$(inherited)",
				);
				GCC_SYMBOLS_PRIVATE_EXTERN = NO;
				GCC_WARN_64_TO_32_BIT_CONVERSION = YES;
				GCC_WARN_ABOUT_RETURN_TYPE = YES_ERROR;
				GCC_WARN_UNDECLARED_SELECTOR = YES;
				GCC_WARN_UNINITIALIZED_AUTOS = YES_AGGRESSIVE;
				GCC_WARN_UNUSED_FUNCTION = YES;
				GCC_WARN_UNUSED_VARIABLE = YES;
				IPHONEOS_DEPLOYMENT_TARGET = 8.1;
				MTL_ENABLE_DEBUG_INFO = YES;
				ONLY_ACTIVE_ARCH = YES;
				SDKROOT = iphoneos;
				TARGETED_DEVICE_FAMILY = "1,2";
			};
			name = Debug;
		};
		C6B2819A1A99290F00D62BDD /* Release */ = {
			isa = XCBuildConfiguration;
			buildSettings = {
				ALWAYS_SEARCH_USER_PATHS = NO;
				CLANG_CXX_LANGUAGE_STANDARD = "gnu++0x";
				CLANG_CXX_LIBRARY = "libc++";
				CLANG_ENABLE_MODULES = YES;
				CLANG_ENABLE_OBJC_ARC = YES;
				CLANG_WARN_BOOL_CONVERSION = YES;
				CLANG_WARN_CONSTANT_CONVERSION = YES;
				CLANG_WARN_DIRECT_OBJC_ISA_USAGE = YES_ERROR;
				CLANG_WARN_EMPTY_BODY = YES;
				CLANG_WARN_ENUM_CONVERSION = YES;
				CLANG_WARN_INT_CONVERSION = YES;
				CLANG_WARN_OBJC_ROOT_CLASS = YES_ERROR;
				CLANG_WARN_UNREACHABLE_CODE = YES;
				CLANG_WARN__DUPLICATE_METHOD_MATCH = YES;
				"CODE_SIGN_IDENTITY[sdk=iphoneos*]" = "iPhone Developer";
				COPY_PHASE_STRIP = YES;
				ENABLE_NS_ASSERTIONS = NO;
				ENABLE_STRICT_OBJC_MSGSEND = YES;
				GCC_C_LANGUAGE_STANDARD = gnu99;
				GCC_WARN_64_TO_32_BIT_CONVERSION = YES;
				GCC_WARN_ABOUT_RETURN_TYPE = YES_ERROR;
				GCC_WARN_UNDECLARED_SELECTOR = YES;
				GCC_WARN_UNINITIALIZED_AUTOS = YES_AGGRESSIVE;
				GCC_WARN_UNUSED_FUNCTION = YES;
				GCC_WARN_UNUSED_VARIABLE = YES;
				IPHONEOS_DEPLOYMENT_TARGET = 8.1;
				MTL_ENABLE_DEBUG_INFO = NO;
				SDKROOT = iphoneos;
				TARGETED_DEVICE_FAMILY = "1,2";
				VALIDATE_PRODUCT = YES;
			};
			name = Release;
		};
		C6B2819C1A99290F00D62BDD /* Debug */ = {
			isa = XCBuildConfiguration;
			baseConfigurationReference = 306204A85F3EE737F26E89CF /* Pods.debug.xcconfig */;
			buildSettings = {
				ASSETCATALOG_COMPILER_APPICON_NAME = AppIcon;
				CODE_SIGN_IDENTITY = "iPhone Developer";
				"CODE_SIGN_IDENTITY[sdk=iphoneos*]" = "iPhone Developer";
				ENABLE_BITCODE = NO;
				FRAMEWORK_SEARCH_PATHS = (
					"$(inherited)",
					"$(PROJECT_DIR)",
				);
				INFOPLIST_FILE = MyCIFF/Info.plist;
				IPHONEOS_DEPLOYMENT_TARGET = 8.1;
				LD_RUNPATH_SEARCH_PATHS = "$(inherited) @executable_path/Frameworks";
				PRODUCT_BUNDLE_IDENTIFIER = "com.mcgeesoft.$(PRODUCT_NAME:rfc1034identifier)";
				PRODUCT_NAME = "$(TARGET_NAME)";
				PROVISIONING_PROFILE = "";
				TARGETED_DEVICE_FAMILY = 1;
			};
			name = Debug;
		};
		C6B2819D1A99290F00D62BDD /* Release */ = {
			isa = XCBuildConfiguration;
			baseConfigurationReference = 3A842426E36D10337FD99A03 /* Pods.release.xcconfig */;
			buildSettings = {
				ASSETCATALOG_COMPILER_APPICON_NAME = AppIcon;
				CODE_SIGN_IDENTITY = "iPhone Developer";
				"CODE_SIGN_IDENTITY[sdk=iphoneos*]" = "iPhone Developer";
				ENABLE_BITCODE = NO;
				FRAMEWORK_SEARCH_PATHS = (
					"$(inherited)",
					"$(PROJECT_DIR)",
				);
				INFOPLIST_FILE = MyCIFF/Info.plist;
				IPHONEOS_DEPLOYMENT_TARGET = 8.1;
				LD_RUNPATH_SEARCH_PATHS = "$(inherited) @executable_path/Frameworks";
				PRODUCT_BUNDLE_IDENTIFIER = "com.mcgeesoft.$(PRODUCT_NAME:rfc1034identifier)";
				PRODUCT_NAME = "$(TARGET_NAME)";
				PROVISIONING_PROFILE = "";
				TARGETED_DEVICE_FAMILY = 1;
			};
			name = Release;
		};
		C6B2819F1A99290F00D62BDD /* Debug */ = {
			isa = XCBuildConfiguration;
			buildSettings = {
				BUNDLE_LOADER = "$(TEST_HOST)";
				FRAMEWORK_SEARCH_PATHS = (
					"$(SDKROOT)/Developer/Library/Frameworks",
					"$(inherited)",
				);
				GCC_PREPROCESSOR_DEFINITIONS = (
					"DEBUG=1",
					"$(inherited)",
				);
				INFOPLIST_FILE = MyCIFFTests/Info.plist;
				LD_RUNPATH_SEARCH_PATHS = "$(inherited) @executable_path/Frameworks @loader_path/Frameworks";
				PRODUCT_BUNDLE_IDENTIFIER = "com.mcgeesoft.$(PRODUCT_NAME:rfc1034identifier)";
				PRODUCT_NAME = "$(TARGET_NAME)";
				TEST_HOST = "$(BUILT_PRODUCTS_DIR)/MyCIFF.app/MyCIFF";
			};
			name = Debug;
		};
		C6B281A01A99290F00D62BDD /* Release */ = {
			isa = XCBuildConfiguration;
			buildSettings = {
				BUNDLE_LOADER = "$(TEST_HOST)";
				FRAMEWORK_SEARCH_PATHS = (
					"$(SDKROOT)/Developer/Library/Frameworks",
					"$(inherited)",
				);
				INFOPLIST_FILE = MyCIFFTests/Info.plist;
				LD_RUNPATH_SEARCH_PATHS = "$(inherited) @executable_path/Frameworks @loader_path/Frameworks";
				PRODUCT_BUNDLE_IDENTIFIER = "com.mcgeesoft.$(PRODUCT_NAME:rfc1034identifier)";
				PRODUCT_NAME = "$(TARGET_NAME)";
				TEST_HOST = "$(BUILT_PRODUCTS_DIR)/MyCIFF.app/MyCIFF";
			};
			name = Release;
		};
/* End XCBuildConfiguration section */

/* Begin XCConfigurationList section */
		C6B281731A99290E00D62BDD /* Build configuration list for PBXProject "MyCIFF" */ = {
			isa = XCConfigurationList;
			buildConfigurations = (
				C6B281991A99290F00D62BDD /* Debug */,
				C6B2819A1A99290F00D62BDD /* Release */,
			);
			defaultConfigurationIsVisible = 0;
			defaultConfigurationName = Release;
		};
		C6B2819B1A99290F00D62BDD /* Build configuration list for PBXNativeTarget "MyCIFF" */ = {
			isa = XCConfigurationList;
			buildConfigurations = (
				C6B2819C1A99290F00D62BDD /* Debug */,
				C6B2819D1A99290F00D62BDD /* Release */,
			);
			defaultConfigurationIsVisible = 0;
			defaultConfigurationName = Release;
		};
		C6B2819E1A99290F00D62BDD /* Build configuration list for PBXNativeTarget "MyCIFFTests" */ = {
			isa = XCConfigurationList;
			buildConfigurations = (
				C6B2819F1A99290F00D62BDD /* Debug */,
				C6B281A01A99290F00D62BDD /* Release */,
			);
			defaultConfigurationIsVisible = 0;
			defaultConfigurationName = Release;
		};
/* End XCConfigurationList section */
	};
	rootObject = C6B281701A99290E00D62BDD /* Project object */;
}
